
Microsoft Visual Studio Solution File, Format Version 12.00
# Visual Studio Version 17
VisualStudioVersion = 17.8.34316.72
MinimumVisualStudioVersion = 10.0.40219.1
Project("{8BC9CEB8-8B4A-11D0-8D11-00A0C91BC942}") = "간단한그림판", "C\C.vcxproj", "{D8369DD9-F70B-4D98-8A12-84B0141E6F5D}"
EndProject
Project("{8BC9CEB8-8B4A-11D0-8D11-00A0C91BC942}") = "DNS서버시뮬레이터", "Project2\Project2.vcxproj", "{5466252B-EE29-4E10-AD56-BA78702447A5}"
EndProject
Project("{8BC9CEB8-8B4A-11D0-8D11-00A0C91BC942}") = "DNS클라이언트", "Project3\Project3.vcxproj", "{D62EE52B-79F9-47E8-8552-D26F8BD0E071}"
EndProject
Project("{8BC9CEB8-8B4A-11D0-8D11-00A0C91BC942}") = "네트워크 상태 모니터링", "Project4\Project4.vcxproj", "{02372947-033F-4709-BFE0-73D5F7184F37}"
EndProject
Project("{8BC9CEB8-8B4A-11D0-8D11-00A0C91BC942}") = "소켓클라이언트", "Project5\Project5.vcxproj", "{6D297F5A-86B4-4AFA-9EFB-9A34ECB3A941}"
EndProject
Project("{8BC9CEB8-8B4A-11D0-8D11-00A0C91BC942}") = "소켓서버", "소켈서버\소켈서버.vcxproj", "{1BB93FCF-A74D-4EDB-AC6F-A0CFDA0C3AED}"
EndProject
Global
	GlobalSection(SolutionConfigurationPlatforms) = preSolution
		Debug|x64 = Debug|x64
		Debug|x86 = Debug|x86
		Release|x64 = Release|x64
		Release|x86 = Release|x86
	EndGlobalSection
	GlobalSection(ProjectConfigurationPlatforms) = postSolution
		{D8369DD9-F70B-4D98-8A12-84B0141E6F5D}.Debug|x64.ActiveCfg = Debug|x64
		{D8369DD9-F70B-4D98-8A12-84B0141E6F5D}.Debug|x64.Build.0 = Debug|x64
		{D8369DD9-F70B-4D98-8A12-84B0141E6F5D}.Debug|x86.ActiveCfg = Debug|Win32
		{D8369DD9-F70B-4D98-8A12-84B0141E6F5D}.Debug|x86.Build.0 = Debug|Win32
		{D8369DD9-F70B-4D98-8A12-84B0141E6F5D}.Release|x64.ActiveCfg = Release|x64
		{D8369DD9-F70B-4D98-8A12-84B0141E6F5D}.Release|x64.Build.0 = Release|x64
		{D8369DD9-F70B-4D98-8A12-84B0141E6F5D}.Release|x86.ActiveCfg = Release|Win32
		{D8369DD9-F70B-4D98-8A12-84B0141E6F5D}.Release|x86.Build.0 = Release|Win32
		{5466252B-EE29-4E10-AD56-BA78702447A5}.Debug|x64.ActiveCfg = Debug|x64
		{5466252B-EE29-4E10-AD56-BA78702447A5}.Debug|x64.Build.0 = Debug|x64
		{5466252B-EE29-4E10-AD56-BA78702447A5}.Debug|x86.ActiveCfg = Debug|Win32
		{5466252B-EE29-4E10-AD56-BA78702447A5}.Debug|x86.Build.0 = Debug|Win32
		{5466252B-EE29-4E10-AD56-BA78702447A5}.Release|x64.ActiveCfg = Release|x64
		{5466252B-EE29-4E10-AD56-BA78702447A5}.Release|x64.Build.0 = Release|x64
		{5466252B-EE29-4E10-AD56-BA78702447A5}.Release|x86.ActiveCfg = Release|Win32
		{5466252B-EE29-4E10-AD56-BA78702447A5}.Release|x86.Build.0 = Release|Win32
		{D62EE52B-79F9-47E8-8552-D26F8BD0E071}.Debug|x64.ActiveCfg = Debug|x64
		{D62EE52B-79F9-47E8-8552-D26F8BD0E071}.Debug|x64.Build.0 = Debug|x64
		{D62EE52B-79F9-47E8-8552-D26F8BD0E071}.Debug|x86.ActiveCfg = Debug|Win32
		{D62EE52B-79F9-47E8-8552-D26F8BD0E071}.Debug|x86.Build.0 = Debug|Win32
		{D62EE52B-79F9-47E8-8552-D26F8BD0E071}.Release|x64.ActiveCfg = Release|x64
		{D62EE52B-79F9-47E8-8552-D26F8BD0E071}.Release|x64.Build.0 = Release|x64
		{D62EE52B-79F9-47E8-8552-D26F8BD0E071}.Release|x86.ActiveCfg = Release|Win32
		{D62EE52B-79F9-47E8-8552-D26F8BD0E071}.Release|x86.Build.0 = Release|Win32
		{02372947-033F-4709-BFE0-73D5F7184F37}.Debug|x64.ActiveCfg = Debug|x64
		{02372947-033F-4709-BFE0-73D5F7184F37}.Debug|x64.Build.0 = Debug|x64
		{02372947-033F-4709-BFE0-73D5F7184F37}.Debug|x86.ActiveCfg = Debug|Win32
		{02372947-033F-4709-BFE0-73D5F7184F37}.Debug|x86.Build.0 = Debug|Win32
		{02372947-033F-4709-BFE0-73D5F7184F37}.Release|x64.ActiveCfg = Release|x64
		{02372947-033F-4709-BFE0-73D5F7184F37}.Release|x64.Build.0 = Release|x64
		{02372947-033F-4709-BFE0-73D5F7184F37}.Release|x86.ActiveCfg = Release|Win32
		{02372947-033F-4709-BFE0-73D5F7184F37}.Release|x86.Build.0 = Release|Win32
		{6D297F5A-86B4-4AFA-9EFB-9A34ECB3A941}.Debug|x64.ActiveCfg = Debug|x64
		{6D297F5A-86B4-4AFA-9EFB-9A34ECB3A941}.Debug|x64.Build.0 = Debug|x64
		{6D297F5A-86B4-4AFA-9EFB-9A34ECB3A941}.Debug|x86.ActiveCfg = Debug|Win32
		{6D297F5A-86B4-4AFA-9EFB-9A34ECB3A941}.Debug|x86.Build.0 = Debug|Win32
		{6D297F5A-86B4-4AFA-9EFB-9A34ECB3A941}.Release|x64.ActiveCfg = Release|x64
		{6D297F5A-86B4-4AFA-9EFB-9A34ECB3A941}.Release|x64.Build.0 = Release|x64
		{6D297F5A-86B4-4AFA-9EFB-9A34ECB3A941}.Release|x86.ActiveCfg = Release|Win32
		{6D297F5A-86B4-4AFA-9EFB-9A34ECB3A941}.Release|x86.Build.0 = Release|Win32
		{1BB93FCF-A74D-4EDB-AC6F-A0CFDA0C3AED}.Debug|x64.ActiveCfg = Debug|x64
		{1BB93FCF-A74D-4EDB-AC6F-A0CFDA0C3AED}.Debug|x64.Build.0 = Debug|x64
		{1BB93FCF-A74D-4EDB-AC6F-A0CFDA0C3AED}.Debug|x86.ActiveCfg = Debug|Win32
		{1BB93FCF-A74D-4EDB-AC6F-A0CFDA0C3AED}.Debug|x86.Build.0 = Debug|Win32
		{1BB93FCF-A74D-4EDB-AC6F-A0CFDA0C3AED}.Release|x64.ActiveCfg = Release|x64
		{1BB93FCF-A74D-4EDB-AC6F-A0CFDA0C3AED}.Release|x64.Build.0 = Release|x64
		{1BB93FCF-A74D-4EDB-AC6F-A0CFDA0C3AED}.Release|x86.ActiveCfg = Release|Win32
		{1BB93FCF-A74D-4EDB-AC6F-A0CFDA0C3AED}.Release|x86.Build.0 = Release|Win32
	EndGlobalSection
	GlobalSection(SolutionProperties) = preSolution
		HideSolutionNode = FALSE
	EndGlobalSection
	GlobalSection(ExtensibilityGlobals) = postSolution
		SolutionGuid = {C6F77D0A-FDD5-46CB-A784-CF792E8AC360}
	EndGlobalSection
EndGlobal
