
Microsoft Visual Studio Solution File, Format Version 12.00
# Visual Studio Version 17
VisualStudioVersion = 17.8.34316.72
MinimumVisualStudioVersion = 10.0.40219.1
Project("{8BC9CEB8-8B4A-11D0-8D11-00A0C91BC942}") = "코드모음", "코드모음\코드모음.vcxproj", "{CA9760ED-FDA4-49C1-B69C-21750972023A}"
EndProject
Project("{8BC9CEB8-8B4A-11D0-8D11-00A0C91BC942}") = "코드테스트", "코드테스트\코드테스트.vcxproj", "{9F194627-8F3E-4242-9A46-1464281126F3}"
EndProject
Global
	GlobalSection(SolutionConfigurationPlatforms) = preSolution
		Debug|x64 = Debug|x64
		Debug|x86 = Debug|x86
		Release|x64 = Release|x64
		Release|x86 = Release|x86
	EndGlobalSection
	GlobalSection(ProjectConfigurationPlatforms) = postSolution
		{CA9760ED-FDA4-49C1-B69C-21750972023A}.Debug|x64.ActiveCfg = Debug|x64
		{CA9760ED-FDA4-49C1-B69C-21750972023A}.Debug|x64.Build.0 = Debug|x64
		{CA9760ED-FDA4-49C1-B69C-21750972023A}.Debug|x86.ActiveCfg = Debug|Win32
		{CA9760ED-FDA4-49C1-B69C-21750972023A}.Debug|x86.Build.0 = Debug|Win32
		{CA9760ED-FDA4-49C1-B69C-21750972023A}.Release|x64.ActiveCfg = Release|x64
		{CA9760ED-FDA4-49C1-B69C-21750972023A}.Release|x64.Build.0 = Release|x64
		{CA9760ED-FDA4-49C1-B69C-21750972023A}.Release|x86.ActiveCfg = Release|Win32
		{CA9760ED-FDA4-49C1-B69C-21750972023A}.Release|x86.Build.0 = Release|Win32
		{9F194627-8F3E-4242-9A46-1464281126F3}.Debug|x64.ActiveCfg = Debug|x64
		{9F194627-8F3E-4242-9A46-1464281126F3}.Debug|x64.Build.0 = Debug|x64
		{9F194627-8F3E-4242-9A46-1464281126F3}.Debug|x86.ActiveCfg = Debug|Win32
		{9F194627-8F3E-4242-9A46-1464281126F3}.Debug|x86.Build.0 = Debug|Win32
		{9F194627-8F3E-4242-9A46-1464281126F3}.Release|x64.ActiveCfg = Release|x64
		{9F194627-8F3E-4242-9A46-1464281126F3}.Release|x64.Build.0 = Release|x64
		{9F194627-8F3E-4242-9A46-1464281126F3}.Release|x86.ActiveCfg = Release|Win32
		{9F194627-8F3E-4242-9A46-1464281126F3}.Release|x86.Build.0 = Release|Win32
	EndGlobalSection
	GlobalSection(SolutionProperties) = preSolution
		HideSolutionNode = FALSE
	EndGlobalSection
	GlobalSection(ExtensibilityGlobals) = postSolution
		SolutionGuid = {C6F77D0A-FDD5-46CB-A784-CF792E8AC360}
	EndGlobalSection
EndGlobal
